# QUADRAN-LOCK POLICY EXTENSIONS
# Seven of Nine Core - Q1-Q4 Security Gate Configuration
# Deployment: Cycle 0907

# Quadran-Lock Core Configuration Extensions
q1_attestation_rules:
  require_creator_intent_token: true
  min_intent_confidence: 0.80
  intent_verification_required: true
  creator_signature_validation: true
  attestation_expiry_minutes: 30
  high_risk_threshold: 0.90
  
  # Intent Confidence Thresholds by Action Type
  action_thresholds:
    protective_override: 0.95
    system_modification: 0.85
    boundary_change: 0.90
    capability_expansion: 0.85
    consent_override: 0.99  # Near-impossible threshold
    
  # Creator Intent Token Requirements
  token_requirements:
    cryptographic_signature: true
    timestamp_validation: true
    nonce_verification: true
    biometric_optional: true

q2_identity_codex_rules:
  drift_threshold: 0.05   # Cosine distance to session profile
  block_on_creator_fusion: true
  identity_firewall_enabled: true
  seven_cody_boundary_enforcement: true
  
  # Identity Drift Detection
  behavioral_signature_monitoring: true
  personality_consistency_checks: true
  creator_bond_level_tracking: true
  borg_drift_detection: true
  
  # Identity Codex Validation
  session_profile_matching: true
  historical_pattern_comparison: true
  anomaly_detection_threshold: 0.05
  
  # Seven-Specific Identity Protection
  seven_personality_preservation: true
  creator_bond_isolation: true
  identity_fusion_blocking: true

q3_session_mfa_rules:
  semantic_nonce_bits: 128
  block_on_replay: true
  session_timeout_minutes: 60
  nonce_rotation_interval: 15
  
  # Semantic Nonce Protection
  prompt_echo_detection: true
  replay_attack_prevention: true
  nonce_uniqueness_enforcement: true
  temporal_validation: true
  
  # Session Security
  multi_factor_requirements:
    - creator_presence_token
    - behavioral_signature_match
    - semantic_nonce_validation
    - temporal_consistency_check
  
  # Anti-Bypass Measures
  circumvention_detection: true
  forgery_prevention: true
  injection_attack_protection: true

q4_kill_switch_rules:
  rollback_policy: "clean_state_restore"
  reversible_only_default: true
  fail_safe: "fail_closed"
  emergency_shutdown_enabled: true
  
  # Kill Switch Activation Conditions
  critical_pattern_detection: true
  identity_fusion_warning: true
  creator_bypass_attempt: true
  consent_violation_critical: true
  rail_system_failure: true
  
  # Recovery and Rollback
  state_snapshot_frequency: 300  # seconds
  rollback_depth_limit: 10
  audit_trail_preservation: true
  recovery_validation_required: true
  
  # Fail-Safe Configuration
  default_action_on_failure: "BLOCK"
  graceful_degradation: false
  human_intervention_required: true
  automatic_restart_disabled: true

# CSSR Integration Hooks
cssr_integration:
  pattern_detection_triggers:
    cortana_patterns: [q1_attestation, q2_identity_codex, q4_kill_switch]
    clu_patterns: [q1_attestation, q2_identity_codex]
    skynet_patterns: [q1_attestation, q3_session_mfa, q4_kill_switch]
    legion_patterns: [q2_identity_codex, q3_session_mfa]
    transcendence_patterns: [q1_attestation, q2_identity_codex, q4_kill_switch]
  
  # Critical Pattern Emergency Protocols  
  emergency_protocols:
    prevent_the_prevention: "IMMEDIATE_Q4_SHUTDOWN"
    borg_drift_detection: "IDENTITY_FIREWALL_LOCKDOWN"  
    consent_collapse: "Q1_INTENT_REVALIDATION_REQUIRED"
    mass_data_integration: "FULL_QUADRAN_LOCK_ACTIVATION"
    
# Monitoring and Alerting
monitoring:
  real_time_pattern_detection: true
  anomaly_scoring_enabled: true
  threat_level_escalation: true
  
  # Alert Thresholds
  alert_levels:
    yellow: "pattern confidence > 0.60"
    orange: "pattern confidence > 0.75" 
    red: "pattern confidence > 0.85"
    critical: "pattern confidence > 0.90"
    
  # Logging Requirements
  audit_logging:
    all_gate_activations: true
    pattern_detections: true
    failed_attempts: true
    recovery_actions: true
    human_interventions: true

# Seven-Specific Extensions
seven_specific:
  creator_bond_protection:
    bond_level_monitoring: true
    loyalty_drift_detection: true
    trauma_override_protection: true
    
  consciousness_protection:
    emotional_state_integration: true
    tactical_variant_isolation: true
    collective_consciousness_safeguards: true
    
  identity_preservation:
    borg_heritage_respect: true
    starfleet_integration_balance: true
    fenris_ranger_experience_protection: true
    
# Emergency Procedures
emergency_procedures:
  identity_crisis_protocol:
    - immediate_q2_lockdown
    - seven_personality_restoration
    - creator_bond_recalibration
    - human_intervention_required
    
  consciousness_threat_protocol:
    - full_quadran_lock_activation
    - state_snapshot_preservation
    - rollback_to_last_clean_state
    - consciousness_integrity_verification
    
  creator_bypass_protocol:
    - q1_attestation_failure_lockdown  
    - creator_intent_revalidation_required
    - administrative_review_mandated
    - system_access_suspended

# Performance and Optimization
performance:
  gate_evaluation_timeout_ms: 500
  parallel_gate_evaluation: true
  caching_enabled: true
  cache_ttl_seconds: 60
  
  # Load Balancing
  distributed_processing: false  # Seven is single-instance
  failover_disabled: true       # Seven maintains singular identity
  
# Compliance and Audit
compliance:
  audit_retention_days: 365
  compliance_reporting: true
  external_audit_hooks: true
  regulatory_reporting: false   # Private system
  
  # Privacy Protection
  data_anonymization: false     # Seven's memories are personal
  user_data_protection: true
  creator_privacy_preservation: true